
Microsoft Visual Studio Solution File, Format Version 12.00
# Visual Studio Version 17
VisualStudioVersion = 17.10.35013.160
MinimumVisualStudioVersion = 10.0.40219.1
Project("{FAE04EC0-301F-11D3-BF4B-00C04F79EFBC}") = "SQLTest", "SQLTest\SQLTest.csproj", "{D3AFE5CC-6FC8-4CE2-9AA1-604D60E7B52F}"
EndProject
Global
	GlobalSection(SolutionConfigurationPlatforms) = preSolution
		Debug|Any CPU = Debug|Any CPU
		Release|Any CPU = Release|Any CPU
	EndGlobalSection
	GlobalSection(ProjectConfigurationPlatforms) = postSolution
		{D3AFE5CC-6FC8-4CE2-9AA1-604D60E7B52F}.Debug|Any CPU.ActiveCfg = Debug|Any CPU
		{D3AFE5CC-6FC8-4CE2-9AA1-604D60E7B52F}.Debug|Any CPU.Build.0 = Debug|Any CPU
		{D3AFE5CC-6FC8-4CE2-9AA1-604D60E7B52F}.Release|Any CPU.ActiveCfg = Release|Any CPU
		{D3AFE5CC-6FC8-4CE2-9AA1-604D60E7B52F}.Release|Any CPU.Build.0 = Release|Any CPU
	EndGlobalSection
	GlobalSection(SolutionProperties) = preSolution
		HideSolutionNode = FALSE
	EndGlobalSection
	GlobalSection(ExtensibilityGlobals) = postSolution
		SolutionGuid = {0AD52E84-3522-4C4F-A4F4-986E21585193}
	EndGlobalSection
EndGlobal
